Microsoft Visual Studio Solution File, Format Version 12.00
# Visual Studio Version 17
VisualStudioVersion = 17.5.2.0
MinimumVisualStudioVersion = 10.0.40219.1
Project("{FAE04EC0-301F-11D3-BF4B-00C04F79EFBC}") = "UriExample", "UriExample\UriExample.csproj", "{318DBA5C-7350-1A7E-8336-CA3814A4B40D}"
EndProject
Global
	GlobalSection(SolutionConfigurationPlatforms) = preSolution
		Debug|Any CPU = Debug|Any CPU
		Release|Any CPU = Release|Any CPU
	EndGlobalSection
	GlobalSection(ProjectConfigurationPlatforms) = postSolution
		{318DBA5C-7350-1A7E-8336-CA3814A4B40D}.Debug|Any CPU.ActiveCfg = Debug|Any CPU
		{318DBA5C-7350-1A7E-8336-CA3814A4B40D}.Debug|Any CPU.Build.0 = Debug|Any CPU
		{318DBA5C-7350-1A7E-8336-CA3814A4B40D}.Release|Any CPU.ActiveCfg = Release|Any CPU
		{318DBA5C-7350-1A7E-8336-CA3814A4B40D}.Release|Any CPU.Build.0 = Release|Any CPU
	EndGlobalSection
	GlobalSection(SolutionProperties) = preSolution
		HideSolutionNode = FALSE
	EndGlobalSection
	GlobalSection(ExtensibilityGlobals) = postSolution
		SolutionGuid = {CCF9F58F-AC93-421D-B841-F74279D63546}
	EndGlobalSection
EndGlobal
